// !$*UTF8*$!
{
	archiveVersion = 1;
	classes = {
	};
	objectVersion = 46;
	objects = {

/* Begin PBXBuildFile section */
		23363CA11CCB7D7B000366BD /* main.m in Sources */ = {isa = PBXBuildFile; fileRef = 23363CA01CCB7D7B000366BD /* main.m */; };
		23363CA41CCB7D7B000366BD /* AppDelegate.m in Sources */ = {isa = PBXBuildFile; fileRef = 23363CA31CCB7D7B000366BD /* AppDelegate.m */; };
		23363CAA1CCB7D7B000366BD /* Main.storyboard in Resources */ = {isa = PBXBuildFile; fileRef = 23363CA81CCB7D7B000366BD /* Main.storyboard */; };
		23363CAC1CCB7D7B000366BD /* Assets.xcassets in Resources */ = {isa = PBXBuildFile; fileRef = 23363CAB1CCB7D7B000366BD /* Assets.xcassets */; };
		23363CAF1CCB7D7B000366BD /* LaunchScreen.storyboard in Resources */ = {isa = PBXBuildFile; fileRef = 23363CAD1CCB7D7B000366BD /* LaunchScreen.storyboard */; };
		23363CBA1CCB7D7B000366BD /* wangyiNewsTests.m in Sources */ = {isa = PBXBuildFile; fileRef = 23363CB91CCB7D7B000366BD /* wangyiNewsTests.m */; };
		23363CC51CCB7D7B000366BD /* wangyiNewsUITests.m in Sources */ = {isa = PBXBuildFile; fileRef = 23363CC41CCB7D7B000366BD /* wangyiNewsUITests.m */; };
		23363CD41CCB7DD3000366BD /* HomeViewController.m in Sources */ = {isa = PBXBuildFile; fileRef = 23363CD31CCB7DD3000366BD /* HomeViewController.m */; };
		23363CD71CCB8BA3000366BD /* BaseTabbarController.m in Sources */ = {isa = PBXBuildFile; fileRef = 23363CD61CCB8BA3000366BD /* BaseTabbarController.m */; };
		23363CDD1CCBB7B6000366BD /* BaseNavigationController.m in Sources */ = {isa = PBXBuildFile; fileRef = 23363CDC1CCBB7B6000366BD /* BaseNavigationController.m */; };
		23363CE51CCBBE6B000366BD /* NewsControllerTableViewController.m in Sources */ = {isa = PBXBuildFile; fileRef = 23363CE41CCBBE6B000366BD /* NewsControllerTableViewController.m */; };
		23363CEC1CCBD331000366BD /* 方正隶书繁体.ttf in Resources */ = {isa = PBXBuildFile; fileRef = 23363CE71CCBC99E000366BD /* 方正隶书繁体.ttf */; };
		23363CED1CCBD336000366BD /* 隶书_GBK.TTF in Resources */ = {isa = PBXBuildFile; fileRef = 23363CE61CCBC70E000366BD /* 隶书_GBK.TTF */; };
		237122AC1CCC733A007DA36C /* SegmentView.m in Sources */ = {isa = PBXBuildFile; fileRef = 237122AB1CCC733A007DA36C /* SegmentView.m */; };
		237122AF1CCCACDB007DA36C /* ScrollviewHeaderView.m in Sources */ = {isa = PBXBuildFile; fileRef = 237122AE1CCCACDB007DA36C /* ScrollviewHeaderView.m */; };
		237122F41CCCC724007DA36C /* BtnCollectionView.m in Sources */ = {isa = PBXBuildFile; fileRef = 237122F31CCCC724007DA36C /* BtnCollectionView.m */; };
		237123001CCD0DF5007DA36C /* BtnCell.m in Sources */ = {isa = PBXBuildFile; fileRef = 237122FF1CCD0DF5007DA36C /* BtnCell.m */; };
		237123041CCD2FC7007DA36C /* CoBtnCell.m in Sources */ = {isa = PBXBuildFile; fileRef = 237123021CCD2FC7007DA36C /* CoBtnCell.m */; };
		237123051CCD2FC7007DA36C /* CoBtnCell.xib in Resources */ = {isa = PBXBuildFile; fileRef = 237123031CCD2FC7007DA36C /* CoBtnCell.xib */; };
		23776D411CCE0A0800FE5732 /* FileSave.m in Sources */ = {isa = PBXBuildFile; fileRef = 23776D401CCE0A0800FE5732 /* FileSave.m */; };
/* End PBXBuildFile section */

/* Begin PBXContainerItemProxy section */
		23363CB61CCB7D7B000366BD /* PBXContainerItemProxy */ = {
			isa = PBXContainerItemProxy;
			containerPortal = 23363C941CCB7D7B000366BD /* Project object */;
			proxyType = 1;
			remoteGlobalIDString = 23363C9B1CCB7D7B000366BD;
			remoteInfo = wangyiNews;
		};
		23363CC11CCB7D7B000366BD /* PBXContainerItemProxy */ = {
			isa = PBXContainerItemProxy;
			containerPortal = 23363C941CCB7D7B000366BD /* Project object */;
			proxyType = 1;
			remoteGlobalIDString = 23363C9B1CCB7D7B000366BD;
			remoteInfo = wangyiNews;
		};
/* End PBXContainerItemProxy section */

/* Begin PBXFileReference section */
		23363C9C1CCB7D7B000366BD /* 仿网易新闻.app */ = {isa = PBXFileReference; explicitFileType = wrapper.application; includeInIndex = 0; path = "仿网易新闻.app"; sourceTree = BUILT_PRODUCTS_DIR; };
		23363CA01CCB7D7B000366BD /* main.m */ = {isa = PBXFileReference; lastKnownFileType = sourcecode.c.objc; path = main.m; sourceTree = "<group>"; };
		23363CA21CCB7D7B000366BD /* AppDelegate.h */ = {isa = PBXFileReference; lastKnownFileType = sourcecode.c.h; path = AppDelegate.h; sourceTree = "<group>"; };
		23363CA31CCB7D7B000366BD /* AppDelegate.m */ = {isa = PBXFileReference; lastKnownFileType = sourcecode.c.objc; path = AppDelegate.m; sourceTree = "<group>"; };
		23363CA91CCB7D7B000366BD /* Base */ = {isa = PBXFileReference; lastKnownFileType = file.storyboard; name = Base; path = Base.lproj/Main.storyboard; sourceTree = "<group>"; };
		23363CAB1CCB7D7B000366BD /* Assets.xcassets */ = {isa = PBXFileReference; lastKnownFileType = folder.assetcatalog; path = Assets.xcassets; sourceTree = "<group>"; };
		23363CAE1CCB7D7B000366BD /* Base */ = {isa = PBXFileReference; lastKnownFileType = file.storyboard; name = Base; path = Base.lproj/LaunchScreen.storyboard; sourceTree = "<group>"; };
		23363CB01CCB7D7B000366BD /* Info.plist */ = {isa = PBXFileReference; lastKnownFileType = text.plist.xml; path = Info.plist; sourceTree = "<group>"; };
		23363CB51CCB7D7B000366BD /* wangyiNewsTests.xctest */ = {isa = PBXFileReference; explicitFileType = wrapper.cfbundle; includeInIndex = 0; path = wangyiNewsTests.xctest; sourceTree = BUILT_PRODUCTS_DIR; };
		23363CB91CCB7D7B000366BD /* wangyiNewsTests.m */ = {isa = PBXFileReference; lastKnownFileType = sourcecode.c.objc; path = wangyiNewsTests.m; sourceTree = "<group>"; };
		23363CBB1CCB7D7B000366BD /* Info.plist */ = {isa = PBXFileReference; lastKnownFileType = text.plist.xml; path = Info.plist; sourceTree = "<group>"; };
		23363CC01CCB7D7B000366BD /* wangyiNewsUITests.xctest */ = {isa = PBXFileReference; explicitFileType = wrapper.cfbundle; includeInIndex = 0; path = wangyiNewsUITests.xctest; sourceTree = BUILT_PRODUCTS_DIR; };
		23363CC41CCB7D7B000366BD /* wangyiNewsUITests.m */ = {isa = PBXFileReference; lastKnownFileType = sourcecode.c.objc; path = wangyiNewsUITests.m; sourceTree = "<group>"; };
		23363CC61CCB7D7B000366BD /* Info.plist */ = {isa = PBXFileReference; lastKnownFileType = text.plist.xml; path = Info.plist; sourceTree = "<group>"; };
		23363CD21CCB7DD3000366BD /* HomeViewController.h */ = {isa = PBXFileReference; fileEncoding = 4; lastKnownFileType = sourcecode.c.h; path = HomeViewController.h; sourceTree = "<group>"; };
		23363CD31CCB7DD3000366BD /* HomeViewController.m */ = {isa = PBXFileReference; fileEncoding = 4; lastKnownFileType = sourcecode.c.objc; path = HomeViewController.m; sourceTree = "<group>"; };
		23363CD51CCB8BA3000366BD /* BaseTabbarController.h */ = {isa = PBXFileReference; fileEncoding = 4; lastKnownFileType = sourcecode.c.h; path = BaseTabbarController.h; sourceTree = "<group>"; };
		23363CD61CCB8BA3000366BD /* BaseTabbarController.m */ = {isa = PBXFileReference; fileEncoding = 4; lastKnownFileType = sourcecode.c.objc; path = BaseTabbarController.m; sourceTree = "<group>"; };
		23363CDB1CCBB7B6000366BD /* BaseNavigationController.h */ = {isa = PBXFileReference; fileEncoding = 4; lastKnownFileType = sourcecode.c.h; path = BaseNavigationController.h; sourceTree = "<group>"; };
		23363CDC1CCBB7B6000366BD /* BaseNavigationController.m */ = {isa = PBXFileReference; fileEncoding = 4; lastKnownFileType = sourcecode.c.objc; path = BaseNavigationController.m; sourceTree = "<group>"; };
		23363CE31CCBBE6B000366BD /* NewsControllerTableViewController.h */ = {isa = PBXFileReference; fileEncoding = 4; lastKnownFileType = sourcecode.c.h; path = NewsControllerTableViewController.h; sourceTree = "<group>"; };
		23363CE41CCBBE6B000366BD /* NewsControllerTableViewController.m */ = {isa = PBXFileReference; fileEncoding = 4; lastKnownFileType = sourcecode.c.objc; path = NewsControllerTableViewController.m; sourceTree = "<group>"; };
		23363CE61CCBC70E000366BD /* 隶书_GBK.TTF */ = {isa = PBXFileReference; lastKnownFileType = file; path = "隶书_GBK.TTF"; sourceTree = "<group>"; };
		23363CE71CCBC99E000366BD /* 方正隶书繁体.ttf */ = {isa = PBXFileReference; lastKnownFileType = file; path = "方正隶书繁体.ttf"; sourceTree = "<group>"; };
		237122AA1CCC733A007DA36C /* SegmentView.h */ = {isa = PBXFileReference; fileEncoding = 4; lastKnownFileType = sourcecode.c.h; path = SegmentView.h; sourceTree = "<group>"; };
		237122AB1CCC733A007DA36C /* SegmentView.m */ = {isa = PBXFileReference; fileEncoding = 4; lastKnownFileType = sourcecode.c.objc; path = SegmentView.m; sourceTree = "<group>"; };
		237122AD1CCCACDB007DA36C /* ScrollviewHeaderView.h */ = {isa = PBXFileReference; fileEncoding = 4; lastKnownFileType = sourcecode.c.h; path = ScrollviewHeaderView.h; sourceTree = "<group>"; };
		237122AE1CCCACDB007DA36C /* ScrollviewHeaderView.m */ = {isa = PBXFileReference; fileEncoding = 4; lastKnownFileType = sourcecode.c.objc; path = ScrollviewHeaderView.m; sourceTree = "<group>"; };
		237122F21CCCC724007DA36C /* BtnCollectionView.h */ = {isa = PBXFileReference; fileEncoding = 4; lastKnownFileType = sourcecode.c.h; path = BtnCollectionView.h; sourceTree = "<group>"; };
		237122F31CCCC724007DA36C /* BtnCollectionView.m */ = {isa = PBXFileReference; fileEncoding = 4; lastKnownFileType = sourcecode.c.objc; path = BtnCollectionView.m; sourceTree = "<group>"; };
		237122FE1CCD0DF5007DA36C /* BtnCell.h */ = {isa = PBXFileReference; fileEncoding = 4; lastKnownFileType = sourcecode.c.h; path = BtnCell.h; sourceTree = "<group>"; };
		237122FF1CCD0DF5007DA36C /* BtnCell.m */ = {isa = PBXFileReference; fileEncoding = 4; lastKnownFileType = sourcecode.c.objc; path = BtnCell.m; sourceTree = "<group>"; };
		237123011CCD2FC7007DA36C /* CoBtnCell.h */ = {isa = PBXFileReference; fileEncoding = 4; lastKnownFileType = sourcecode.c.h; path = CoBtnCell.h; sourceTree = "<group>"; };
		237123021CCD2FC7007DA36C /* CoBtnCell.m */ = {isa = PBXFileReference; fileEncoding = 4; lastKnownFileType = sourcecode.c.objc; path = CoBtnCell.m; sourceTree = "<group>"; };
		237123031CCD2FC7007DA36C /* CoBtnCell.xib */ = {isa = PBXFileReference; fileEncoding = 4; lastKnownFileType = file.xib; path = CoBtnCell.xib; sourceTree = "<group>"; };
		23776D3E1CCDFCDE00FE5732 /* Common.pch */ = {isa = PBXFileReference; lastKnownFileType = sourcecode.c.h; path = Common.pch; sourceTree = "<group>"; };
		23776D3F1CCE0A0800FE5732 /* FileSave.h */ = {isa = PBXFileReference; fileEncoding = 4; lastKnownFileType = sourcecode.c.h; path = FileSave.h; sourceTree = "<group>"; };
		23776D401CCE0A0800FE5732 /* FileSave.m */ = {isa = PBXFileReference; fileEncoding = 4; lastKnownFileType = sourcecode.c.objc; path = FileSave.m; sourceTree = "<group>"; };
/* End PBXFileReference section */

/* Begin PBXFrameworksBuildPhase section */
		23363C991CCB7D7B000366BD /* Frameworks */ = {
			isa = PBXFrameworksBuildPhase;
			buildActionMask = 2147483647;
			files = (
			);
			runOnlyForDeploymentPostprocessing = 0;
		};
		23363CB21CCB7D7B000366BD /* Frameworks */ = {
			isa = PBXFrameworksBuildPhase;
			buildActionMask = 2147483647;
			files = (
			);
			runOnlyForDeploymentPostprocessing = 0;
		};
		23363CBD1CCB7D7B000366BD /* Frameworks */ = {
			isa = PBXFrameworksBuildPhase;
			buildActionMask = 2147483647;
			files = (
			);
			runOnlyForDeploymentPostprocessing = 0;
		};
/* End PBXFrameworksBuildPhase section */

/* Begin PBXGroup section */
		23363C931CCB7D7B000366BD = {
			isa = PBXGroup;
			children = (
				23363C9E1CCB7D7B000366BD /* wangyiNews */,
				23363CB81CCB7D7B000366BD /* wangyiNewsTests */,
				23363CC31CCB7D7B000366BD /* wangyiNewsUITests */,
				23363C9D1CCB7D7B000366BD /* Products */,
			);
			sourceTree = "<group>";
		};
		23363C9D1CCB7D7B000366BD /* Products */ = {
			isa = PBXGroup;
			children = (
				23363C9C1CCB7D7B000366BD /* 仿网易新闻.app */,
				23363CB51CCB7D7B000366BD /* wangyiNewsTests.xctest */,
				23363CC01CCB7D7B000366BD /* wangyiNewsUITests.xctest */,
			);
			name = Products;
			sourceTree = "<group>";
		};
		23363C9E1CCB7D7B000366BD /* wangyiNews */ = {
			isa = PBXGroup;
			children = (
				237122A91CCC6B4E007DA36C /* segmentView */,
				23363CDF1CCBBE39000366BD /* News */,
				23363CA21CCB7D7B000366BD /* AppDelegate.h */,
				23363CA31CCB7D7B000366BD /* AppDelegate.m */,
				23363CD21CCB7DD3000366BD /* HomeViewController.h */,
				23363CD31CCB7DD3000366BD /* HomeViewController.m */,
				23363CD51CCB8BA3000366BD /* BaseTabbarController.h */,
				23363CD61CCB8BA3000366BD /* BaseTabbarController.m */,
				23363CDB1CCBB7B6000366BD /* BaseNavigationController.h */,
				23363CDC1CCBB7B6000366BD /* BaseNavigationController.m */,
				23363CA81CCB7D7B000366BD /* Main.storyboard */,
				23363CAB1CCB7D7B000366BD /* Assets.xcassets */,
				23363CAD1CCB7D7B000366BD /* LaunchScreen.storyboard */,
				23363CB01CCB7D7B000366BD /* Info.plist */,
				23363C9F1CCB7D7B000366BD /* Supporting Files */,
			);
			path = wangyiNews;
			sourceTree = "<group>";
		};
		23363C9F1CCB7D7B000366BD /* Supporting Files */ = {
			isa = PBXGroup;
			children = (
				23363CE71CCBC99E000366BD /* 方正隶书繁体.ttf */,
				23363CE61CCBC70E000366BD /* 隶书_GBK.TTF */,
				23363CA01CCB7D7B000366BD /* main.m */,
				23776D3E1CCDFCDE00FE5732 /* Common.pch */,
			);
			name = "Supporting Files";
			sourceTree = "<group>";
		};
		23363CB81CCB7D7B000366BD /* wangyiNewsTests */ = {
			isa = PBXGroup;
			children = (
				23363CB91CCB7D7B000366BD /* wangyiNewsTests.m */,
				23363CBB1CCB7D7B000366BD /* Info.plist */,
			);
			path = wangyiNewsTests;
			sourceTree = "<group>";
		};
		23363CC31CCB7D7B000366BD /* wangyiNewsUITests */ = {
			isa = PBXGroup;
			children = (
				23363CC41CCB7D7B000366BD /* wangyiNewsUITests.m */,
				23363CC61CCB7D7B000366BD /* Info.plist */,
			);
			path = wangyiNewsUITests;
			sourceTree = "<group>";
		};
		23363CDF1CCBBE39000366BD /* News */ = {
			isa = PBXGroup;
			children = (
				23363CE01CCBBE39000366BD /* Controller */,
				23363CE11CCBBE39000366BD /* Model */,
				23363CE21CCBBE39000366BD /* View */,
			);
			path = News;
			sourceTree = "<group>";
		};
		23363CE01CCBBE39000366BD /* Controller */ = {
			isa = PBXGroup;
			children = (
				23363CE31CCBBE6B000366BD /* NewsControllerTableViewController.h */,
				23363CE41CCBBE6B000366BD /* NewsControllerTableViewController.m */,
			);
			path = Controller;
			sourceTree = "<group>";
		};
		23363CE11CCBBE39000366BD /* Model */ = {
			isa = PBXGroup;
			children = (
			);
			path = Model;
			sourceTree = "<group>";
		};
		23363CE21CCBBE39000366BD /* View */ = {
			isa = PBXGroup;
			children = (
			);
			path = View;
			sourceTree = "<group>";
		};
		237122A91CCC6B4E007DA36C /* segmentView */ = {
			isa = PBXGroup;
			children = (
				237122AA1CCC733A007DA36C /* SegmentView.h */,
				237122AB1CCC733A007DA36C /* SegmentView.m */,
				237122AD1CCCACDB007DA36C /* ScrollviewHeaderView.h */,
				237122AE1CCCACDB007DA36C /* ScrollviewHeaderView.m */,
				237122F21CCCC724007DA36C /* BtnCollectionView.h */,
				237122F31CCCC724007DA36C /* BtnCollectionView.m */,
				237122FE1CCD0DF5007DA36C /* BtnCell.h */,
				237122FF1CCD0DF5007DA36C /* BtnCell.m */,
				237123011CCD2FC7007DA36C /* CoBtnCell.h */,
				237123021CCD2FC7007DA36C /* CoBtnCell.m */,
				237123031CCD2FC7007DA36C /* CoBtnCell.xib */,
				23776D3F1CCE0A0800FE5732 /* FileSave.h */,
				23776D401CCE0A0800FE5732 /* FileSave.m */,
			);
			path = segmentView;
			sourceTree = "<group>";
		};
/* End PBXGroup section */

/* Begin PBXNativeTarget section */
		23363C9B1CCB7D7B000366BD /* wangyiNews */ = {
			isa = PBXNativeTarget;
			buildConfigurationList = 23363CC91CCB7D7B000366BD /* Build configuration list for PBXNativeTarget "wangyiNews" */;
			buildPhases = (
				23363C981CCB7D7B000366BD /* Sources */,
				23363C991CCB7D7B000366BD /* Frameworks */,
				23363C9A1CCB7D7B000366BD /* Resources */,
			);
			buildRules = (
			);
			dependencies = (
			);
			name = wangyiNews;
			productName = wangyiNews;
			productReference = 23363C9C1CCB7D7B000366BD /* 仿网易新闻.app */;
			productType = "com.apple.product-type.application";
		};
		23363CB41CCB7D7B000366BD /* wangyiNewsTests */ = {
			isa = PBXNativeTarget;
			buildConfigurationList = 23363CCC1CCB7D7B000366BD /* Build configuration list for PBXNativeTarget "wangyiNewsTests" */;
			buildPhases = (
				23363CB11CCB7D7B000366BD /* Sources */,
				23363CB21CCB7D7B000366BD /* Frameworks */,
				23363CB31CCB7D7B000366BD /* Resources */,
			);
			buildRules = (
			);
			dependencies = (
				23363CB71CCB7D7B000366BD /* PBXTargetDependency */,
			);
			name = wangyiNewsTests;
			productName = wangyiNewsTests;
			productReference = 23363CB51CCB7D7B000366BD /* wangyiNewsTests.xctest */;
			productType = "com.apple.product-type.bundle.unit-test";
		};
		23363CBF1CCB7D7B000366BD /* wangyiNewsUITests */ = {
			isa = PBXNativeTarget;
			buildConfigurationList = 23363CCF1CCB7D7B000366BD /* Build configuration list for PBXNativeTarget "wangyiNewsUITests" */;
			buildPhases = (
				23363CBC1CCB7D7B000366BD /* Sources */,
				23363CBD1CCB7D7B000366BD /* Frameworks */,
				23363CBE1CCB7D7B000366BD /* Resources */,
			);
			buildRules = (
			);
			dependencies = (
				23363CC21CCB7D7B000366BD /* PBXTargetDependency */,
			);
			name = wangyiNewsUITests;
			productName = wangyiNewsUITests;
			productReference = 23363CC01CCB7D7B000366BD /* wangyiNewsUITests.xctest */;
			productType = "com.apple.product-type.bundle.ui-testing";
		};
/* End PBXNativeTarget section */

/* Begin PBXProject section */
		23363C941CCB7D7B000366BD /* Project object */ = {
			isa = PBXProject;
			attributes = {
				LastUpgradeCheck = 0720;
				ORGANIZATIONNAME = "蔡晓凡";
				TargetAttributes = {
					23363C9B1CCB7D7B000366BD = {
						CreatedOnToolsVersion = 7.2;
						DevelopmentTeam = 28QAK8GEY6;
					};
					23363CB41CCB7D7B000366BD = {
						CreatedOnToolsVersion = 7.2;
						TestTargetID = 23363C9B1CCB7D7B000366BD;
					};
					23363CBF1CCB7D7B000366BD = {
						CreatedOnToolsVersion = 7.2;
						TestTargetID = 23363C9B1CCB7D7B000366BD;
					};
				};
			};
			buildConfigurationList = 23363C971CCB7D7B000366BD /* Build configuration list for PBXProject "wangyiNews" */;
			compatibilityVersion = "Xcode 3.2";
			developmentRegion = English;
			hasScannedForEncodings = 0;
			knownRegions = (
				en,
				Base,
			);
			mainGroup = 23363C931CCB7D7B000366BD;
			productRefGroup = 23363C9D1CCB7D7B000366BD /* Products */;
			projectDirPath = "";
			projectRoot = "";
			targets = (
				23363C9B1CCB7D7B000366BD /* wangyiNews */,
				23363CB41CCB7D7B000366BD /* wangyiNewsTests */,
				23363CBF1CCB7D7B000366BD /* wangyiNewsUITests */,
			);
		};
/* End PBXProject section */

/* Begin PBXResourcesBuildPhase section */
		23363C9A1CCB7D7B000366BD /* Resources */ = {
			isa = PBXResourcesBuildPhase;
			buildActionMask = 2147483647;
			files = (
				23363CED1CCBD336000366BD /* 隶书_GBK.TTF in Resources */,
				23363CEC1CCBD331000366BD /* 方正隶书繁体.ttf in Resources */,
				237123051CCD2FC7007DA36C /* CoBtnCell.xib in Resources */,
				23363CAF1CCB7D7B000366BD /* LaunchScreen.storyboard in Resources */,
				23363CAC1CCB7D7B000366BD /* Assets.xcassets in Resources */,
				23363CAA1CCB7D7B000366BD /* Main.storyboard in Resources */,
			);
			runOnlyForDeploymentPostprocessing = 0;
		};
		23363CB31CCB7D7B000366BD /* Resources */ = {
			isa = PBXResourcesBuildPhase;
			buildActionMask = 2147483647;
			files = (
			);
			runOnlyForDeploymentPostprocessing = 0;
		};
		23363CBE1CCB7D7B000366BD /* Resources */ = {
			isa = PBXResourcesBuildPhase;
			buildActionMask = 2147483647;
			files = (
			);
			runOnlyForDeploymentPostprocessing = 0;
		};
/* End PBXResourcesBuildPhase section */

/* Begin PBXSourcesBuildPhase section */
		23363C981CCB7D7B000366BD /* Sources */ = {
			isa = PBXSourcesBuildPhase;
			buildActionMask = 2147483647;
			files = (
				23363CE51CCBBE6B000366BD /* NewsControllerTableViewController.m in Sources */,
				237122AC1CCC733A007DA36C /* SegmentView.m in Sources */,
				237123001CCD0DF5007DA36C /* BtnCell.m in Sources */,
				23363CD71CCB8BA3000366BD /* BaseTabbarController.m in Sources */,
				23776D411CCE0A0800FE5732 /* FileSave.m in Sources */,
				23363CA41CCB7D7B000366BD /* AppDelegate.m in Sources */,
				23363CA11CCB7D7B000366BD /* main.m in Sources */,
				23363CD41CCB7DD3000366BD /* HomeViewController.m in Sources */,
				23363CDD1CCBB7B6000366BD /* BaseNavigationController.m in Sources */,
				237122F41CCCC724007DA36C /* BtnCollectionView.m in Sources */,
				237123041CCD2FC7007DA36C /* CoBtnCell.m in Sources */,
				237122AF1CCCACDB007DA36C /* ScrollviewHeaderView.m in Sources */,
			);
			runOnlyForDeploymentPostprocessing = 0;
		};
		23363CB11CCB7D7B000366BD /* Sources */ = {
			isa = PBXSourcesBuildPhase;
			buildActionMask = 2147483647;
			files = (
				23363CBA1CCB7D7B000366BD /* wangyiNewsTests.m in Sources */,
			);
			runOnlyForDeploymentPostprocessing = 0;
		};
		23363CBC1CCB7D7B000366BD /* Sources */ = {
			isa = PBXSourcesBuildPhase;
			buildActionMask = 2147483647;
			files = (
				23363CC51CCB7D7B000366BD /* wangyiNewsUITests.m in Sources */,
			);
			runOnlyForDeploymentPostprocessing = 0;
		};
/* End PBXSourcesBuildPhase section */

/* Begin PBXTargetDependency section */
		23363CB71CCB7D7B000366BD /* PBXTargetDependency */ = {
			isa = PBXTargetDependency;
			target = 23363C9B1CCB7D7B000366BD /* wangyiNews */;
			targetProxy = 23363CB61CCB7D7B000366BD /* PBXContainerItemProxy */;
		};
		23363CC21CCB7D7B000366BD /* PBXTargetDependency */ = {
			isa = PBXTargetDependency;
			target = 23363C9B1CCB7D7B000366BD /* wangyiNews */;
			targetProxy = 23363CC11CCB7D7B000366BD /* PBXContainerItemProxy */;
		};
/* End PBXTargetDependency section */

/* Begin PBXVariantGroup section */
		23363CA81CCB7D7B000366BD /* Main.storyboard */ = {
			isa = PBXVariantGroup;
			children = (
				23363CA91CCB7D7B000366BD /* Base */,
			);
			name = Main.storyboard;
			sourceTree = "<group>";
		};
		23363CAD1CCB7D7B000366BD /* LaunchScreen.storyboard */ = {
			isa = PBXVariantGroup;
			children = (
				23363CAE1CCB7D7B000366BD /* Base */,
			);
			name = LaunchScreen.storyboard;
			sourceTree = "<group>";
		};
/* End PBXVariantGroup section */

/* Begin XCBuildConfiguration section */
		23363CC71CCB7D7B000366BD /* Debug */ = {
			isa = XCBuildConfiguration;
			buildSettings = {
				ALWAYS_SEARCH_USER_PATHS = NO;
				CLANG_CXX_LANGUAGE_STANDARD = "gnu++0x";
				CLANG_CXX_LIBRARY = "libc++";
				CLANG_ENABLE_MODULES = YES;
				CLANG_ENABLE_OBJC_ARC = YES;
				CLANG_WARN_BOOL_CONVERSION = YES;
				CLANG_WARN_CONSTANT_CONVERSION = YES;
				CLANG_WARN_DIRECT_OBJC_ISA_USAGE = YES_ERROR;
				CLANG_WARN_EMPTY_BODY = YES;
				CLANG_WARN_ENUM_CONVERSION = YES;
				CLANG_WARN_INT_CONVERSION = YES;
				CLANG_WARN_OBJC_ROOT_CLASS = YES_ERROR;
				CLANG_WARN_UNREACHABLE_CODE = YES;
				CLANG_WARN__DUPLICATE_METHOD_MATCH = YES;
				"CODE_SIGN_IDENTITY[sdk=iphoneos*]" = "iPhone Developer";
				COPY_PHASE_STRIP = NO;
				DEBUG_INFORMATION_FORMAT = dwarf;
				ENABLE_STRICT_OBJC_MSGSEND = YES;
				ENABLE_TESTABILITY = YES;
				GCC_C_LANGUAGE_STANDARD = gnu99;
				GCC_DYNAMIC_NO_PIC = NO;
				GCC_NO_COMMON_BLOCKS = YES;
				GCC_OPTIMIZATION_LEVEL = 0;
				GCC_PREPROCESSOR_DEFINITIONS = (
					"DEBUG=1",
					"$(inherited)",
				);
				GCC_WARN_64_TO_32_BIT_CONVERSION = YES;
				GCC_WARN_ABOUT_RETURN_TYPE = YES_ERROR;
				GCC_WARN_UNDECLARED_SELECTOR = YES;
				GCC_WARN_UNINITIALIZED_AUTOS = YES_AGGRESSIVE;
				GCC_WARN_UNUSED_FUNCTION = YES;
				GCC_WARN_UNUSED_VARIABLE = YES;
				IPHONEOS_DEPLOYMENT_TARGET = 9.2;
				MTL_ENABLE_DEBUG_INFO = YES;
				ONLY_ACTIVE_ARCH = YES;
				SDKROOT = iphoneos;
				TARGETED_DEVICE_FAMILY = "1,2";
			};
			name = Debug;
		};
		23363CC81CCB7D7B000366BD /* Release */ = {
			isa = XCBuildConfiguration;
			buildSettings = {
				ALWAYS_SEARCH_USER_PATHS = NO;
				CLANG_CXX_LANGUAGE_STANDARD = "gnu++0x";
				CLANG_CXX_LIBRARY = "libc++";
				CLANG_ENABLE_MODULES = YES;
				CLANG_ENABLE_OBJC_ARC = YES;
				CLANG_WARN_BOOL_CONVERSION = YES;
				CLANG_WARN_CONSTANT_CONVERSION = YES;
				CLANG_WARN_DIRECT_OBJC_ISA_USAGE = YES_ERROR;
				CLANG_WARN_EMPTY_BODY = YES;
				CLANG_WARN_ENUM_CONVERSION = YES;
				CLANG_WARN_INT_CONVERSION = YES;
				CLANG_WARN_OBJC_ROOT_CLASS = YES_ERROR;
				CLANG_WARN_UNREACHABLE_CODE = YES;
				CLANG_WARN__DUPLICATE_METHOD_MATCH = YES;
				"CODE_SIGN_IDENTITY[sdk=iphoneos*]" = "iPhone Developer";
				COPY_PHASE_STRIP = NO;
				DEBUG_INFORMATION_FORMAT = "dwarf-with-dsym";
				ENABLE_NS_ASSERTIONS = NO;
				ENABLE_STRICT_OBJC_MSGSEND = YES;
				GCC_C_LANGUAGE_STANDARD = gnu99;
				GCC_NO_COMMON_BLOCKS = YES;
				GCC_WARN_64_TO_32_BIT_CONVERSION = YES;
				GCC_WARN_ABOUT_RETURN_TYPE = YES_ERROR;
				GCC_WARN_UNDECLARED_SELECTOR = YES;
				GCC_WARN_UNINITIALIZED_AUTOS = YES_AGGRESSIVE;
				GCC_WARN_UNUSED_FUNCTION = YES;
				GCC_WARN_UNUSED_VARIABLE = YES;
				IPHONEOS_DEPLOYMENT_TARGET = 9.2;
				MTL_ENABLE_DEBUG_INFO = NO;
				SDKROOT = iphoneos;
				TARGETED_DEVICE_FAMILY = "1,2";
				VALIDATE_PRODUCT = YES;
			};
			name = Release;
		};
		23363CCA1CCB7D7B000366BD /* Debug */ = {
			isa = XCBuildConfiguration;
			buildSettings = {
				ASSETCATALOG_COMPILER_APPICON_NAME = AppIcon;
				CODE_SIGN_IDENTITY = "iPhone Developer";
				GCC_PRECOMPILE_PREFIX_HEADER = YES;
				GCC_PREFIX_HEADER = "$(SRCROOT)/wangyiNews/Common.pch";
				HEADER_SEARCH_PATHS = "";
				INFOPLIST_FILE = wangyiNews/Info.plist;
				IPHONEOS_DEPLOYMENT_TARGET = 9.0;
				LD_RUNPATH_SEARCH_PATHS = "$(inherited) @executable_path/Frameworks";
				PRODUCT_BUNDLE_IDENTIFIER = caixiaofan.wangyiNews;
				PRODUCT_NAME = "仿网易新闻";
			};
			name = Debug;
		};
		23363CCB1CCB7D7B000366BD /* Release */ = {
			isa = XCBuildConfiguration;
			buildSettings = {
				ASSETCATALOG_COMPILER_APPICON_NAME = AppIcon;
				CODE_SIGN_IDENTITY = "iPhone Developer";
				GCC_PRECOMPILE_PREFIX_HEADER = YES;
				GCC_PREFIX_HEADER = "$(SRCROOT)/wangyiNews/Common.pch";
				HEADER_SEARCH_PATHS = "";
				INFOPLIST_FILE = wangyiNews/Info.plist;
				IPHONEOS_DEPLOYMENT_TARGET = 9.0;
				LD_RUNPATH_SEARCH_PATHS = "$(inherited) @executable_path/Frameworks";
				PRODUCT_BUNDLE_IDENTIFIER = caixiaofan.wangyiNews;
				PRODUCT_NAME = "仿网易新闻";
			};
			name = Release;
		};
		23363CCD1CCB7D7B000366BD /* Debug */ = {
			isa = XCBuildConfiguration;
			buildSettings = {
				BUNDLE_LOADER = "$(TEST_HOST)";
				INFOPLIST_FILE = wangyiNewsTests/Info.plist;
				LD_RUNPATH_SEARCH_PATHS = "$(inherited) @executable_path/Frameworks @loader_path/Frameworks";
				PRODUCT_BUNDLE_IDENTIFIER = caixiaofan.wangyiNewsTests;
				PRODUCT_NAME = "$(TARGET_NAME)";
				TEST_HOST = "$(BUILT_PRODUCTS_DIR)/wangyiNews.app/wangyiNews";
			};
			name = Debug;
		};
		23363CCE1CCB7D7B000366BD /* Release */ = {
			isa = XCBuildConfiguration;
			buildSettings = {
				BUNDLE_LOADER = "$(TEST_HOST)";
				INFOPLIST_FILE = wangyiNewsTests/Info.plist;
				LD_RUNPATH_SEARCH_PATHS = "$(inherited) @executable_path/Frameworks @loader_path/Frameworks";
				PRODUCT_BUNDLE_IDENTIFIER = caixiaofan.wangyiNewsTests;
				PRODUCT_NAME = "$(TARGET_NAME)";
				TEST_HOST = "$(BUILT_PRODUCTS_DIR)/wangyiNews.app/wangyiNews";
			};
			name = Release;
		};
		23363CD01CCB7D7B000366BD /* Debug */ = {
			isa = XCBuildConfiguration;
			buildSettings = {
				INFOPLIST_FILE = wangyiNewsUITests/Info.plist;
				LD_RUNPATH_SEARCH_PATHS = "$(inherited) @executable_path/Frameworks @loader_path/Frameworks";
				PRODUCT_BUNDLE_IDENTIFIER = caixiaofan.wangyiNewsUITests;
				PRODUCT_NAME = "$(TARGET_NAME)";
				TEST_TARGET_NAME = wangyiNews;
				USES_XCTRUNNER = YES;
			};
			name = Debug;
		};
		23363CD11CCB7D7B000366BD /* Release */ = {
			isa = XCBuildConfiguration;
			buildSettings = {
				INFOPLIST_FILE = wangyiNewsUITests/Info.plist;
				LD_RUNPATH_SEARCH_PATHS = "$(inherited) @executable_path/Frameworks @loader_path/Frameworks";
				PRODUCT_BUNDLE_IDENTIFIER = caixiaofan.wangyiNewsUITests;
				PRODUCT_NAME = "$(TARGET_NAME)";
				TEST_TARGET_NAME = wangyiNews;
				USES_XCTRUNNER = YES;
			};
			name = Release;
		};
/* End XCBuildConfiguration section */

/* Begin XCConfigurationList section */
		23363C971CCB7D7B000366BD /* Build configuration list for PBXProject "wangyiNews" */ = {
			isa = XCConfigurationList;
			buildConfigurations = (
				23363CC71CCB7D7B000366BD /* Debug */,
				23363CC81CCB7D7B000366BD /* Release */,
			);
			defaultConfigurationIsVisible = 0;
			defaultConfigurationName = Release;
		};
		23363CC91CCB7D7B000366BD /* Build configuration list for PBXNativeTarget "wangyiNews" */ = {
			isa = XCConfigurationList;
			buildConfigurations = (
				23363CCA1CCB7D7B000366BD /* Debug */,
				23363CCB1CCB7D7B000366BD /* Release */,
			);
			defaultConfigurationIsVisible = 0;
			defaultConfigurationName = Release;
		};
		23363CCC1CCB7D7B000366BD /* Build configuration list for PBXNativeTarget "wangyiNewsTests" */ = {
			isa = XCConfigurationList;
			buildConfigurations = (
				23363CCD1CCB7D7B000366BD /* Debug */,
				23363CCE1CCB7D7B000366BD /* Release */,
			);
			defaultConfigurationIsVisible = 0;
			defaultConfigurationName = Release;
		};
		23363CCF1CCB7D7B000366BD /* Build configuration list for PBXNativeTarget "wangyiNewsUITests" */ = {
			isa = XCConfigurationList;
			buildConfigurations = (
				23363CD01CCB7D7B000366BD /* Debug */,
				23363CD11CCB7D7B000366BD /* Release */,
			);
			defaultConfigurationIsVisible = 0;
			defaultConfigurationName = Release;
		};
/* End XCConfigurationList section */
	};
	rootObject = 23363C941CCB7D7B000366BD /* Project object */;
}
